<?xml version="1.0" encoding="utf-8"?>
<Project ToolsVersion="4.0" xmlns="http://schemas.microsoft.com/developer/msbuild/2003">
  <ItemGroup>
    <Filter Include="Source Files">
      <UniqueIdentifier>{4FC737F1-C7A5-4376-A066-2A32D752A2FF}</UniqueIdentifier>
      <Extensions>cpp;c;cc;cxx;def;odl;idl;hpj;bat;asm;asmx</Extensions>
    </Filter>
    <Filter Include="Header Files">
      <UniqueIdentifier>{93995380-89BD-4b04-88EB-625FBE52EBFB}</UniqueIdentifier>
      <Extensions>h;hh;hpp;hxx;hm;inl;inc;ipp;xsd</Extensions>
    </Filter>
    <Filter Include="Resource Files">
      <UniqueIdentifier>{67DA6AB6-F800-4c08-8B7A-83BB121AAD01}</UniqueIdentifier>
      <Extensions>rc;ico;cur;bmp;dlg;rc2;rct;bin;rgs;gif;jpg;jpeg;jpe;resx;tiff;tif;png;wav;mfcribbon-ms</Extensions>
    </Filter>
    <Filter Include="Header Files\Rendering">
      <UniqueIdentifier>{758a1cf0-3621-44e8-a279-7eb798ceedb5}</UniqueIdentifier>
    </Filter>
    <Filter Include="Imgui">
      <UniqueIdentifier>{008caca8-8069-426e-b717-607f9f5d09e2}</UniqueIdentifier>
    </Filter>
  </ItemGroup>
  <ItemGroup>
    <ClInclude Include="Imgui\imconfig.h">
      <Filter>Imgui</Filter>
    </ClInclude>
    <ClInclude Include="Imgui\imgui.h">
      <Filter>Imgui</Filter>
    </ClInclude>
    <ClInclude Include="Imgui\imgui_impl_glfw.h">
      <Filter>Imgui</Filter>
    </ClInclude>
    <ClInclude Include="Imgui\imgui_impl_opengl3.h">
      <Filter>Imgui</Filter>
    </ClInclude>
    <ClInclude Include="Imgui\imgui_internal.h">
      <Filter>Imgui</Filter>
    </ClInclude>
    <ClInclude Include="Imgui\imstb_rectpack.h">
      <Filter>Imgui</Filter>
    </ClInclude>
    <ClInclude Include="Imgui\imstb_textedit.h">
      <Filter>Imgui</Filter>
    </ClInclude>
    <ClInclude Include="Imgui\imstb_truetype.h">
      <Filter>Imgui</Filter>
    </ClInclude>
    <ClInclude Include="Includes\Rendering\Mesh.hpp">
      <Filter>Header Files\Rendering</Filter>
    </ClInclude>
    <ClInclude Include="Includes\Rendering\Renderer.hpp">
      <Filter>Header Files\Rendering</Filter>
    </ClInclude>
    <ClInclude Include="Includes\Rendering\ShapeMesh.hpp">
      <Filter>Header Files\Rendering</Filter>
    </ClInclude>
    <ClInclude Include="Includes\Callbacks.h">
      <Filter>Header Files</Filter>
    </ClInclude>
    <ClInclude Include="Includes\Camera.h">
      <Filter>Header Files</Filter>
    </ClInclude>
    <ClInclude Include="Includes\Engine.h">
      <Filter>Header Files</Filter>
    </ClInclude>
    <ClInclude Include="Includes\ErrorLog.h">
      <Filter>Header Files</Filter>
    </ClInclude>
    <ClInclude Include="Includes\Globals.h">
      <Filter>Header Files</Filter>
    </ClInclude>
    <ClInclude Include="Includes\GLSetup.h">
      <Filter>Header Files</Filter>
    </ClInclude>
    <ClInclude Include="Includes\gui.h">
      <Filter>Header Files</Filter>
    </ClInclude>
    <ClInclude Include="Includes\GuideLines.h">
      <Filter>Header Files</Filter>
    </ClInclude>
    <ClInclude Include="Includes\ICallbacks.h">
      <Filter>Header Files</Filter>
    </ClInclude>
    <ClInclude Include="Includes\IndexBuffer.h">
      <Filter>Header Files</Filter>
    </ClInclude>
    <ClInclude Include="Includes\Init.hpp">
      <Filter>Header Files</Filter>
    </ClInclude>
    <ClInclude Include="Includes\Keyboard.h">
      <Filter>Header Files</Filter>
    </ClInclude>
    <ClInclude Include="Includes\Lights.hpp">
      <Filter>Header Files</Filter>
    </ClInclude>
    <ClInclude Include="Includes\Lines.hpp">
      <Filter>Header Files</Filter>
    </ClInclude>
    <ClInclude Include="Includes\Mouse.h">
      <Filter>Header Files</Filter>
    </ClInclude>
    <ClInclude Include="Includes\Render.h">
      <Filter>Header Files</Filter>
    </ClInclude>
    <ClInclude Include="Includes\Ripple.hpp">
      <Filter>Header Files</Filter>
    </ClInclude>
    <ClInclude Include="Includes\Shaders.hpp">
      <Filter>Header Files</Filter>
    </ClInclude>
    <ClInclude Include="Includes\Simulation.h">
      <Filter>Header Files</Filter>
    </ClInclude>
    <ClInclude Include="Includes\Sphere.hpp">
      <Filter>Header Files</Filter>
    </ClInclude>
    <ClInclude Include="Includes\stb_image.h">
      <Filter>Header Files</Filter>
    </ClInclude>
    <ClInclude Include="Includes\Texture.h">
      <Filter>Header Files</Filter>
    </ClInclude>
    <ClInclude Include="Includes\Vertex.h">
      <Filter>Header Files</Filter>
    </ClInclude>
    <ClInclude Include="Includes\VertexArray.hpp">
      <Filter>Header Files</Filter>
    </ClInclude>
    <ClInclude Include="Includes\VertexBuffer.hpp">
      <Filter>Header Files</Filter>
    </ClInclude>
    <ClInclude Include="Includes\VertexBufferLayout.hpp">
      <Filter>Header Files</Filter>
    </ClInclude>
    <ClInclude Include="Includes\Markers\Markers.hpp">
      <Filter>Header Files</Filter>
    </ClInclude>
    <ClInclude Include="Includes\Rendering\MarkerRenderer.hpp">
      <Filter>Header Files</Filter>
    </ClInclude>
  </ItemGroup>
  <ItemGroup>
    <ClCompile Include="Imgui\imgui.cpp">
      <Filter>Imgui</Filter>
    </ClCompile>
    <ClCompile Include="Imgui\imgui_demo.cpp">
      <Filter>Imgui</Filter>
    </ClCompile>
    <ClCompile Include="Imgui\imgui_draw.cpp">
      <Filter>Imgui</Filter>
    </ClCompile>
    <ClCompile Include="Imgui\imgui_impl_glfw.cpp">
      <Filter>Imgui</Filter>
    </ClCompile>
    <ClCompile Include="Imgui\imgui_impl_opengl3.cpp">
      <Filter>Imgui</Filter>
    </ClCompile>
    <ClCompile Include="Imgui\imgui_widgets.cpp">
      <Filter>Imgui</Filter>
    </ClCompile>
    <ClCompile Include="Source\Globals.cpp">
      <Filter>Source Files</Filter>
    </ClCompile>
    <ClCompile Include="Source\GLSetup.cpp">
      <Filter>Source Files</Filter>
    </ClCompile>
    <ClCompile Include="Source\Init.cpp">
      <Filter>Source Files</Filter>
    </ClCompile>
    <ClCompile Include="Source\Keyboard.cpp">
      <Filter>Source Files</Filter>
    </ClCompile>
    <ClCompile Include="Source\main.cpp">
      <Filter>Source Files</Filter>
    </ClCompile>
    <ClCompile Include="Source\Mouse.cpp">
      <Filter>Source Files</Filter>
    </ClCompile>
    <ClCompile Include="Includes\Rendering\Renderer.cpp">
      <Filter>Header Files\Rendering</Filter>
    </ClCompile>
    <ClCompile Include="Includes\Grid\Grid.hpp">
      <Filter>Source Files</Filter>
    </ClCompile>
  </ItemGroup>
  <ItemGroup>
    <None Include="Includes\LightFragmentShader.glsl">
      <Filter>Header Files</Filter>
    </None>
    <None Include="Includes\Markers\MarkerVertexShader.glsl" />
    <None Include="Includes\Markers\MarkerFragmentShader.glsl" />
    <None Include="Includes\Markers\Marker.vert" />
    <None Include="Includes\Markers\Marker.frag" />
    <None Include="Shaders\fragmentShader(N).glsl" />
    <None Include="Shaders\fragmentShader.glsl" />
    <None Include="Shaders\FragmentShaderLight.glsl" />
    <None Include="Shaders\FragmentShaderRipple.glsl" />
    <None Include="Shaders\vertexShader(N).glsl" />
    <None Include="Shaders\vertexShader.glsl" />
    <None Include="Shaders\VertexShaderLight.glsl" />
    <None Include="Shaders\vertexShaderNorm.glsl" />
    <None Include="Shaders\VertexShaderRipple.glsl" />
    <None Include="Shaders\MarkerVertexShader.glsl" />
    <None Include="Shaders\MarkerFragmentShader.glsl" />
    <None Include="Includes\Grid\Grid.vert" />
    <None Include="Includes\Grid\Grid.frag" />
    <None Include="Shaders\Grid.vert" />
    <None Include="Shaders\Grid.frag" />
  </ItemGroup>
</Project>