<?xml version="1.0" encoding="utf-8"?>
<Project ToolsVersion="4.0" xmlns="http://schemas.microsoft.com/developer/msbuild/2003">
  <ItemGroup>
    <Filter Include="Source Files">
      <UniqueIdentifier>{4FC737F1-C7A5-4376-A066-2A32D752A2FF}</UniqueIdentifier>
      <Extensions>cpp;c;cc;cxx;def;odl;idl;hpj;bat;asm;asmx</Extensions>
    </Filter>
    <Filter Include="Header Files">
      <UniqueIdentifier>{93995380-89BD-4b04-88EB-625FBE52EBFB}</UniqueIdentifier>
      <Extensions>h;hh;hpp;hxx;hm;inl;inc;ipp;xsd</Extensions>
    </Filter>
    <Filter Include="Resource Files">
      <UniqueIdentifier>{67DA6AB6-F800-4c08-8B7A-83BB121AAD01}</UniqueIdentifier>
      <Extensions>rc;ico;cur;bmp;dlg;rc2;rct;bin;rgs;gif;jpg;jpeg;jpe;resx;tiff;tif;png;wav;mfcribbon-ms</Extensions>
    </Filter>
    <Filter Include="Header Files\Rendering">
      <UniqueIdentifier>{758a1cf0-3621-44e8-a279-7eb798ceedb5}</UniqueIdentifier>
    </Filter>
    <Filter Include="Imgui">
      <UniqueIdentifier>{008caca8-8069-426e-b717-607f9f5d09e2}</UniqueIdentifier>
    </Filter>
  </ItemGroup>
  <ItemGroup>
    <ClInclude Include="headers\Rendering\Mesh.hpp">
      <Filter>Header Files\Rendering</Filter>
    </ClInclude>
    <ClInclude Include="headers\Rendering\Renderer.hpp">
      <Filter>Header Files\Rendering</Filter>
    </ClInclude>
    <ClInclude Include="headers\Rendering\ShapeMesh.hpp">
      <Filter>Header Files\Rendering</Filter>
    </ClInclude>
    <ClInclude Include="headers\App.h">
      <Filter>Header Files</Filter>
    </ClInclude>
    <ClInclude Include="headers\Callbacks.h">
      <Filter>Header Files</Filter>
    </ClInclude>
    <ClInclude Include="headers\Camera.h">
      <Filter>Header Files</Filter>
    </ClInclude>
    <ClInclude Include="headers\Cube.h">
      <Filter>Header Files</Filter>
    </ClInclude>
    <ClInclude Include="headers\Cube.hpp">
      <Filter>Header Files</Filter>
    </ClInclude>
    <ClInclude Include="headers\Cube_norm.h">
      <Filter>Header Files</Filter>
    </ClInclude>
    <ClInclude Include="headers\Engine.h">
      <Filter>Header Files</Filter>
    </ClInclude>
    <ClInclude Include="headers\ErrorLog.h">
      <Filter>Header Files</Filter>
    </ClInclude>
    <ClInclude Include="headers\GL_Calls.h">
      <Filter>Header Files</Filter>
    </ClInclude>
    <ClInclude Include="headers\GLIntferace.h">
      <Filter>Header Files</Filter>
    </ClInclude>
    <ClInclude Include="headers\Globals.h">
      <Filter>Header Files</Filter>
    </ClInclude>
    <ClInclude Include="headers\GuideLines.h">
      <Filter>Header Files</Filter>
    </ClInclude>
    <ClInclude Include="headers\ICallbacks.h">
      <Filter>Header Files</Filter>
    </ClInclude>
    <ClInclude Include="headers\Imgui.h">
      <Filter>Header Files</Filter>
    </ClInclude>
    <ClInclude Include="headers\IndexBuffer.h">
      <Filter>Header Files</Filter>
    </ClInclude>
    <ClInclude Include="headers\Init.hpp">
      <Filter>Header Files</Filter>
    </ClInclude>
    <ClInclude Include="headers\Keyboard.h">
      <Filter>Header Files</Filter>
    </ClInclude>
    <ClInclude Include="headers\Lights.hpp">
      <Filter>Header Files</Filter>
    </ClInclude>
    <ClInclude Include="headers\Mesh.h">
      <Filter>Header Files</Filter>
    </ClInclude>
    <ClInclude Include="headers\Model.h">
      <Filter>Header Files</Filter>
    </ClInclude>
    <ClInclude Include="headers\Mouse.h">
      <Filter>Header Files</Filter>
    </ClInclude>
    <ClInclude Include="headers\Render.h">
      <Filter>Header Files</Filter>
    </ClInclude>
    <ClInclude Include="headers\Shaders.hpp">
      <Filter>Header Files</Filter>
    </ClInclude>
    <ClInclude Include="headers\Simulation.h">
      <Filter>Header Files</Filter>
    </ClInclude>
    <ClInclude Include="headers\stb_image.h">
      <Filter>Header Files</Filter>
    </ClInclude>
    <ClInclude Include="headers\Texture.h">
      <Filter>Header Files</Filter>
    </ClInclude>
    <ClInclude Include="headers\Vertex.h">
      <Filter>Header Files</Filter>
    </ClInclude>
    <ClInclude Include="headers\VertexArray.hpp">
      <Filter>Header Files</Filter>
    </ClInclude>
    <ClInclude Include="headers\VertexBuffer.hpp">
      <Filter>Header Files</Filter>
    </ClInclude>
    <ClInclude Include="headers\VertexBufferLayout.hpp">
      <Filter>Header Files</Filter>
    </ClInclude>
    <ClInclude Include="Sphere.hpp">
      <Filter>Header Files</Filter>
    </ClInclude>
    <ClInclude Include="Ripple.hpp">
      <Filter>Header Files</Filter>
    </ClInclude>
    <ClInclude Include="Lines.hpp">
      <Filter>Header Files</Filter>
    </ClInclude>
    <ClInclude Include="Imgui\imconfig.h">
      <Filter>Imgui</Filter>
    </ClInclude>
    <ClInclude Include="Imgui\imgui.h">
      <Filter>Imgui</Filter>
    </ClInclude>
    <ClInclude Include="Imgui\imgui_impl_glfw.h">
      <Filter>Imgui</Filter>
    </ClInclude>
    <ClInclude Include="Imgui\imgui_impl_opengl3.h">
      <Filter>Imgui</Filter>
    </ClInclude>
    <ClInclude Include="Imgui\imgui_internal.h">
      <Filter>Imgui</Filter>
    </ClInclude>
    <ClInclude Include="Imgui\imstb_rectpack.h">
      <Filter>Imgui</Filter>
    </ClInclude>
    <ClInclude Include="Imgui\imstb_textedit.h">
      <Filter>Imgui</Filter>
    </ClInclude>
    <ClInclude Include="Imgui\imstb_truetype.h">
      <Filter>Imgui</Filter>
    </ClInclude>
  </ItemGroup>
  <ItemGroup>
    <ClCompile Include="headers\Rendering\Renderer.cpp">
      <Filter>Header Files\Rendering</Filter>
    </ClCompile>
    <ClCompile Include="GLInterface.cpp">
      <Filter>Source Files</Filter>
    </ClCompile>
    <ClCompile Include="Globals.cpp">
      <Filter>Source Files</Filter>
    </ClCompile>
    <ClCompile Include="Init.cpp">
      <Filter>Source Files</Filter>
    </ClCompile>
    <ClCompile Include="Keyboard.cpp">
      <Filter>Source Files</Filter>
    </ClCompile>
    <ClCompile Include="main.cpp">
      <Filter>Source Files</Filter>
    </ClCompile>
    <ClCompile Include="Mouse.cpp">
      <Filter>Source Files</Filter>
    </ClCompile>
    <ClCompile Include="Imgui\imgui.cpp">
      <Filter>Imgui</Filter>
    </ClCompile>
    <ClCompile Include="Imgui\imgui_demo.cpp">
      <Filter>Imgui</Filter>
    </ClCompile>
    <ClCompile Include="Imgui\imgui_draw.cpp">
      <Filter>Imgui</Filter>
    </ClCompile>
    <ClCompile Include="Imgui\imgui_impl_glfw.cpp">
      <Filter>Imgui</Filter>
    </ClCompile>
    <ClCompile Include="Imgui\imgui_impl_opengl3.cpp">
      <Filter>Imgui</Filter>
    </ClCompile>
    <ClCompile Include="Imgui\imgui_widgets.cpp">
      <Filter>Imgui</Filter>
    </ClCompile>
  </ItemGroup>
  <ItemGroup>
    <None Include="headers\kernel.cu">
      <Filter>Header Files</Filter>
    </None>
    <None Include="headers\LightFragmentShader.glsl">
      <Filter>Header Files</Filter>
    </None>
  </ItemGroup>
</Project>